
Microsoft Visual Studio Solution File, Format Version 12.00
# Visual Studio 15
Project("{FAE04EC0-301F-11D3-BF4B-00C04F79EFBC}") = "Konvenience", "Konvenience\Konvenience.csproj", "{BB2F7AB4-B705-4FB1-BB9B-221D50DEC8D3}"
EndProject
Project("{FAE04EC0-301F-11D3-BF4B-00C04F79EFBC}") = "KonvenienceTests", "KonvenienceTests\KonvenienceTests.csproj", "{72932C22-37F1-45C0-9E63-10E8FF478F09}"
EndProject
Global
	GlobalSection(SolutionConfigurationPlatforms) = preSolution
		Debug|Any CPU = Debug|Any CPU
		Release|Any CPU = Release|Any CPU
	EndGlobalSection
	GlobalSection(ProjectConfigurationPlatforms) = postSolution
		{BB2F7AB4-B705-4FB1-BB9B-221D50DEC8D3}.Debug|Any CPU.ActiveCfg = Debug|Any CPU
		{BB2F7AB4-B705-4FB1-BB9B-221D50DEC8D3}.Debug|Any CPU.Build.0 = Debug|Any CPU
		{BB2F7AB4-B705-4FB1-BB9B-221D50DEC8D3}.Release|Any CPU.ActiveCfg = Release|Any CPU
		{BB2F7AB4-B705-4FB1-BB9B-221D50DEC8D3}.Release|Any CPU.Build.0 = Release|Any CPU
		{72932C22-37F1-45C0-9E63-10E8FF478F09}.Debug|Any CPU.ActiveCfg = Debug|Any CPU
		{72932C22-37F1-45C0-9E63-10E8FF478F09}.Debug|Any CPU.Build.0 = Debug|Any CPU
		{72932C22-37F1-45C0-9E63-10E8FF478F09}.Release|Any CPU.ActiveCfg = Release|Any CPU
		{72932C22-37F1-45C0-9E63-10E8FF478F09}.Release|Any CPU.Build.0 = Release|Any CPU
	EndGlobalSection
EndGlobal
